
Microsoft Visual Studio Solution File, Format Version 12.00
# Visual Studio Version 17
VisualStudioVersion = 17.8.34330.188
MinimumVisualStudioVersion = 10.0.40219.1
Project("{FAE04EC0-301F-11D3-BF4B-00C04F79EFBC}") = "WebApiMongoDB", "WebApiMongoDB\WebApiMongoDB.csproj", "{94E861CE-7562-418B-90E6-E3E2FD388E1D}"
EndProject
Global
	GlobalSection(SolutionConfigurationPlatforms) = preSolution
		Debug|Any CPU = Debug|Any CPU
		Release|Any CPU = Release|Any CPU
	EndGlobalSection
	GlobalSection(ProjectConfigurationPlatforms) = postSolution
		{94E861CE-7562-418B-90E6-E3E2FD388E1D}.Debug|Any CPU.ActiveCfg = Debug|Any CPU
		{94E861CE-7562-418B-90E6-E3E2FD388E1D}.Debug|Any CPU.Build.0 = Debug|Any CPU
		{94E861CE-7562-418B-90E6-E3E2FD388E1D}.Release|Any CPU.ActiveCfg = Release|Any CPU
		{94E861CE-7562-418B-90E6-E3E2FD388E1D}.Release|Any CPU.Build.0 = Release|Any CPU
	EndGlobalSection
	GlobalSection(SolutionProperties) = preSolution
		HideSolutionNode = FALSE
	EndGlobalSection
	GlobalSection(ExtensibilityGlobals) = postSolution
		SolutionGuid = {65306298-3F9B-4308-BDBC-BDB147F1EE87}
	EndGlobalSection
EndGlobal
